
Microsoft Visual Studio Solution File, Format Version 12.00
# Visual Studio 2012
Project("{FAE04EC0-301F-11D3-BF4B-00C04F79EFBC}") = "Cureos.Numerics", "Cureos.Numerics\Cureos.Numerics.csproj", "{42CE61EC-A12B-4929-843D-453CE7A98D7D}"
EndProject
Project("{FAE04EC0-301F-11D3-BF4B-00C04F79EFBC}") = "SL.Cureos.Numerics", "SL.Cureos.Numerics\SL.Cureos.Numerics.csproj", "{4E85C8B3-7954-46E3-A506-6DE6AE82F0F9}"
EndProject
Project("{FAE04EC0-301F-11D3-BF4B-00C04F79EFBC}") = "hs071_sl", "hs071_sl\hs071_sl.csproj", "{78D89079-A935-499F-80B4-158CDE358EC4}"
EndProject
Project("{FAE04EC0-301F-11D3-BF4B-00C04F79EFBC}") = "Tests.Cureos.Numerics", "Tests.Cureos.Numerics\Tests.Cureos.Numerics.csproj", "{41941299-D389-48A2-B8B8-331AC8851477}"
EndProject
Project("{FAE04EC0-301F-11D3-BF4B-00C04F79EFBC}") = "Metro.Cureos.Numerics", "Metro.Cureos.Numerics\Metro.Cureos.Numerics.csproj", "{BE480F22-F283-40A5-A1E6-BCD263267056}"
EndProject
Project("{FAE04EC0-301F-11D3-BF4B-00C04F79EFBC}") = "Metro.Ipopt", "Metro.Ipopt\Metro.Ipopt.csproj", "{361E5068-5985-4F4C-89D1-20FCE8A5161F}"
EndProject
Global
	GlobalSection(SolutionConfigurationPlatforms) = preSolution
		Debug|ARM = Debug|ARM
		Debug|Any CPU = Debug|Any CPU
		Debug|Mixed Platforms = Debug|Mixed Platforms
		Debug|x64 = Debug|x64
		Debug|x86 = Debug|x86
		Release|ARM = Release|ARM
		Release|Any CPU = Release|Any CPU
		Release|Mixed Platforms = Release|Mixed Platforms
		Release|x64 = Release|x64
		Release|x86 = Release|x86
	EndGlobalSection
	GlobalSection(ProjectConfigurationPlatforms) = postSolution
		{361E5068-5985-4F4C-89D1-20FCE8A5161F}.Debug|ARM.ActiveCfg = Debug|ARM
		{361E5068-5985-4F4C-89D1-20FCE8A5161F}.Debug|ARM.Build.0 = Debug|ARM
		{361E5068-5985-4F4C-89D1-20FCE8A5161F}.Debug|ARM.Deploy.0 = Debug|ARM
		{361E5068-5985-4F4C-89D1-20FCE8A5161F}.Debug|Any CPU.ActiveCfg = Debug|Any CPU
		{361E5068-5985-4F4C-89D1-20FCE8A5161F}.Debug|Any CPU.Build.0 = Debug|Any CPU
		{361E5068-5985-4F4C-89D1-20FCE8A5161F}.Debug|Any CPU.Deploy.0 = Debug|Any CPU
		{361E5068-5985-4F4C-89D1-20FCE8A5161F}.Debug|Mixed Platforms.ActiveCfg = Debug|x86
		{361E5068-5985-4F4C-89D1-20FCE8A5161F}.Debug|Mixed Platforms.Build.0 = Debug|x86
		{361E5068-5985-4F4C-89D1-20FCE8A5161F}.Debug|Mixed Platforms.Deploy.0 = Debug|x86
		{361E5068-5985-4F4C-89D1-20FCE8A5161F}.Debug|x64.ActiveCfg = Debug|x64
		{361E5068-5985-4F4C-89D1-20FCE8A5161F}.Debug|x64.Build.0 = Debug|x64
		{361E5068-5985-4F4C-89D1-20FCE8A5161F}.Debug|x64.Deploy.0 = Debug|x64
		{361E5068-5985-4F4C-89D1-20FCE8A5161F}.Debug|x86.ActiveCfg = Debug|x86
		{361E5068-5985-4F4C-89D1-20FCE8A5161F}.Debug|x86.Build.0 = Debug|x86
		{361E5068-5985-4F4C-89D1-20FCE8A5161F}.Debug|x86.Deploy.0 = Debug|x86
		{361E5068-5985-4F4C-89D1-20FCE8A5161F}.Release|ARM.ActiveCfg = Release|ARM
		{361E5068-5985-4F4C-89D1-20FCE8A5161F}.Release|ARM.Build.0 = Release|ARM
		{361E5068-5985-4F4C-89D1-20FCE8A5161F}.Release|ARM.Deploy.0 = Release|ARM
		{361E5068-5985-4F4C-89D1-20FCE8A5161F}.Release|Any CPU.ActiveCfg = Release|Any CPU
		{361E5068-5985-4F4C-89D1-20FCE8A5161F}.Release|Any CPU.Build.0 = Release|Any CPU
		{361E5068-5985-4F4C-89D1-20FCE8A5161F}.Release|Any CPU.Deploy.0 = Release|Any CPU
		{361E5068-5985-4F4C-89D1-20FCE8A5161F}.Release|Mixed Platforms.ActiveCfg = Release|x86
		{361E5068-5985-4F4C-89D1-20FCE8A5161F}.Release|Mixed Platforms.Build.0 = Release|x86
		{361E5068-5985-4F4C-89D1-20FCE8A5161F}.Release|Mixed Platforms.Deploy.0 = Release|x86
		{361E5068-5985-4F4C-89D1-20FCE8A5161F}.Release|x64.ActiveCfg = Release|x64
		{361E5068-5985-4F4C-89D1-20FCE8A5161F}.Release|x64.Build.0 = Release|x64
		{361E5068-5985-4F4C-89D1-20FCE8A5161F}.Release|x64.Deploy.0 = Release|x64
		{361E5068-5985-4F4C-89D1-20FCE8A5161F}.Release|x86.ActiveCfg = Release|x86
		{361E5068-5985-4F4C-89D1-20FCE8A5161F}.Release|x86.Build.0 = Release|x86
		{361E5068-5985-4F4C-89D1-20FCE8A5161F}.Release|x86.Deploy.0 = Release|x86
		{41941299-D389-48A2-B8B8-331AC8851477}.Debug|ARM.ActiveCfg = Debug|x86
		{41941299-D389-48A2-B8B8-331AC8851477}.Debug|Any CPU.ActiveCfg = Debug|x86
		{41941299-D389-48A2-B8B8-331AC8851477}.Debug|Mixed Platforms.ActiveCfg = Debug|x86
		{41941299-D389-48A2-B8B8-331AC8851477}.Debug|Mixed Platforms.Build.0 = Debug|x86
		{41941299-D389-48A2-B8B8-331AC8851477}.Debug|x64.ActiveCfg = Debug|x64
		{41941299-D389-48A2-B8B8-331AC8851477}.Debug|x64.Build.0 = Debug|x64
		{41941299-D389-48A2-B8B8-331AC8851477}.Debug|x86.ActiveCfg = Debug|x86
		{41941299-D389-48A2-B8B8-331AC8851477}.Debug|x86.Build.0 = Debug|x86
		{41941299-D389-48A2-B8B8-331AC8851477}.Release|ARM.ActiveCfg = Release|x86
		{41941299-D389-48A2-B8B8-331AC8851477}.Release|Any CPU.ActiveCfg = Release|x86
		{41941299-D389-48A2-B8B8-331AC8851477}.Release|Mixed Platforms.ActiveCfg = Release|x86
		{41941299-D389-48A2-B8B8-331AC8851477}.Release|Mixed Platforms.Build.0 = Release|x86
		{41941299-D389-48A2-B8B8-331AC8851477}.Release|x64.ActiveCfg = Release|x64
		{41941299-D389-48A2-B8B8-331AC8851477}.Release|x64.Build.0 = Release|x64
		{41941299-D389-48A2-B8B8-331AC8851477}.Release|x86.ActiveCfg = Release|x86
		{41941299-D389-48A2-B8B8-331AC8851477}.Release|x86.Build.0 = Release|x86
		{42CE61EC-A12B-4929-843D-453CE7A98D7D}.Debug|ARM.ActiveCfg = Debug|x86
		{42CE61EC-A12B-4929-843D-453CE7A98D7D}.Debug|Any CPU.ActiveCfg = Debug|x86
		{42CE61EC-A12B-4929-843D-453CE7A98D7D}.Debug|Mixed Platforms.ActiveCfg = Debug|x86
		{42CE61EC-A12B-4929-843D-453CE7A98D7D}.Debug|Mixed Platforms.Build.0 = Debug|x86
		{42CE61EC-A12B-4929-843D-453CE7A98D7D}.Debug|x64.ActiveCfg = Debug|x64
		{42CE61EC-A12B-4929-843D-453CE7A98D7D}.Debug|x64.Build.0 = Debug|x64
		{42CE61EC-A12B-4929-843D-453CE7A98D7D}.Debug|x86.ActiveCfg = Debug|x86
		{42CE61EC-A12B-4929-843D-453CE7A98D7D}.Debug|x86.Build.0 = Debug|x86
		{42CE61EC-A12B-4929-843D-453CE7A98D7D}.Release|ARM.ActiveCfg = Release|x86
		{42CE61EC-A12B-4929-843D-453CE7A98D7D}.Release|Any CPU.ActiveCfg = Release|x86
		{42CE61EC-A12B-4929-843D-453CE7A98D7D}.Release|Mixed Platforms.ActiveCfg = Release|x86
		{42CE61EC-A12B-4929-843D-453CE7A98D7D}.Release|Mixed Platforms.Build.0 = Release|x86
		{42CE61EC-A12B-4929-843D-453CE7A98D7D}.Release|x64.ActiveCfg = Release|x64
		{42CE61EC-A12B-4929-843D-453CE7A98D7D}.Release|x64.Build.0 = Release|x64
		{42CE61EC-A12B-4929-843D-453CE7A98D7D}.Release|x86.ActiveCfg = Release|x86
		{42CE61EC-A12B-4929-843D-453CE7A98D7D}.Release|x86.Build.0 = Release|x86
		{4E85C8B3-7954-46E3-A506-6DE6AE82F0F9}.Debug|ARM.ActiveCfg = Debug|Any CPU
		{4E85C8B3-7954-46E3-A506-6DE6AE82F0F9}.Debug|Any CPU.ActiveCfg = Debug|Any CPU
		{4E85C8B3-7954-46E3-A506-6DE6AE82F0F9}.Debug|Any CPU.Build.0 = Debug|Any CPU
		{4E85C8B3-7954-46E3-A506-6DE6AE82F0F9}.Debug|Mixed Platforms.ActiveCfg = Debug|Any CPU
		{4E85C8B3-7954-46E3-A506-6DE6AE82F0F9}.Debug|Mixed Platforms.Build.0 = Debug|Any CPU
		{4E85C8B3-7954-46E3-A506-6DE6AE82F0F9}.Debug|x64.ActiveCfg = Debug|Any CPU
		{4E85C8B3-7954-46E3-A506-6DE6AE82F0F9}.Debug|x64.Build.0 = Debug|Any CPU
		{4E85C8B3-7954-46E3-A506-6DE6AE82F0F9}.Debug|x86.ActiveCfg = Debug|Any CPU
		{4E85C8B3-7954-46E3-A506-6DE6AE82F0F9}.Debug|x86.Build.0 = Debug|Any CPU
		{4E85C8B3-7954-46E3-A506-6DE6AE82F0F9}.Release|ARM.ActiveCfg = Release|Any CPU
		{4E85C8B3-7954-46E3-A506-6DE6AE82F0F9}.Release|Any CPU.ActiveCfg = Release|Any CPU
		{4E85C8B3-7954-46E3-A506-6DE6AE82F0F9}.Release|Any CPU.Build.0 = Release|Any CPU
		{4E85C8B3-7954-46E3-A506-6DE6AE82F0F9}.Release|Mixed Platforms.ActiveCfg = Release|Any CPU
		{4E85C8B3-7954-46E3-A506-6DE6AE82F0F9}.Release|Mixed Platforms.Build.0 = Release|Any CPU
		{4E85C8B3-7954-46E3-A506-6DE6AE82F0F9}.Release|x64.ActiveCfg = Release|Any CPU
		{4E85C8B3-7954-46E3-A506-6DE6AE82F0F9}.Release|x64.Build.0 = Release|Any CPU
		{4E85C8B3-7954-46E3-A506-6DE6AE82F0F9}.Release|x86.ActiveCfg = Release|Any CPU
		{4E85C8B3-7954-46E3-A506-6DE6AE82F0F9}.Release|x86.Build.0 = Release|Any CPU
		{78D89079-A935-499F-80B4-158CDE358EC4}.Debug|ARM.ActiveCfg = Debug|Any CPU
		{78D89079-A935-499F-80B4-158CDE358EC4}.Debug|Any CPU.ActiveCfg = Debug|Any CPU
		{78D89079-A935-499F-80B4-158CDE358EC4}.Debug|Any CPU.Build.0 = Debug|Any CPU
		{78D89079-A935-499F-80B4-158CDE358EC4}.Debug|Mixed Platforms.ActiveCfg = Debug|Any CPU
		{78D89079-A935-499F-80B4-158CDE358EC4}.Debug|Mixed Platforms.Build.0 = Debug|Any CPU
		{78D89079-A935-499F-80B4-158CDE358EC4}.Debug|x64.ActiveCfg = Debug|Any CPU
		{78D89079-A935-499F-80B4-158CDE358EC4}.Debug|x64.Build.0 = Debug|Any CPU
		{78D89079-A935-499F-80B4-158CDE358EC4}.Debug|x86.ActiveCfg = Debug|Any CPU
		{78D89079-A935-499F-80B4-158CDE358EC4}.Debug|x86.Build.0 = Debug|Any CPU
		{78D89079-A935-499F-80B4-158CDE358EC4}.Release|ARM.ActiveCfg = Release|Any CPU
		{78D89079-A935-499F-80B4-158CDE358EC4}.Release|Any CPU.ActiveCfg = Release|Any CPU
		{78D89079-A935-499F-80B4-158CDE358EC4}.Release|Any CPU.Build.0 = Release|Any CPU
		{78D89079-A935-499F-80B4-158CDE358EC4}.Release|Mixed Platforms.ActiveCfg = Release|Any CPU
		{78D89079-A935-499F-80B4-158CDE358EC4}.Release|Mixed Platforms.Build.0 = Release|Any CPU
		{78D89079-A935-499F-80B4-158CDE358EC4}.Release|x64.ActiveCfg = Release|Any CPU
		{78D89079-A935-499F-80B4-158CDE358EC4}.Release|x64.Build.0 = Release|Any CPU
		{78D89079-A935-499F-80B4-158CDE358EC4}.Release|x86.ActiveCfg = Release|Any CPU
		{78D89079-A935-499F-80B4-158CDE358EC4}.Release|x86.Build.0 = Release|Any CPU
		{BE480F22-F283-40A5-A1E6-BCD263267056}.Debug|ARM.ActiveCfg = Debug|ARM
		{BE480F22-F283-40A5-A1E6-BCD263267056}.Debug|ARM.Build.0 = Debug|ARM
		{BE480F22-F283-40A5-A1E6-BCD263267056}.Debug|Any CPU.ActiveCfg = Debug|Any CPU
		{BE480F22-F283-40A5-A1E6-BCD263267056}.Debug|Any CPU.Build.0 = Debug|Any CPU
		{BE480F22-F283-40A5-A1E6-BCD263267056}.Debug|Mixed Platforms.ActiveCfg = Debug|x86
		{BE480F22-F283-40A5-A1E6-BCD263267056}.Debug|Mixed Platforms.Build.0 = Debug|x86
		{BE480F22-F283-40A5-A1E6-BCD263267056}.Debug|x64.ActiveCfg = Debug|x64
		{BE480F22-F283-40A5-A1E6-BCD263267056}.Debug|x64.Build.0 = Debug|x64
		{BE480F22-F283-40A5-A1E6-BCD263267056}.Debug|x86.ActiveCfg = Debug|x86
		{BE480F22-F283-40A5-A1E6-BCD263267056}.Debug|x86.Build.0 = Debug|x86
		{BE480F22-F283-40A5-A1E6-BCD263267056}.Release|ARM.ActiveCfg = Release|ARM
		{BE480F22-F283-40A5-A1E6-BCD263267056}.Release|ARM.Build.0 = Release|ARM
		{BE480F22-F283-40A5-A1E6-BCD263267056}.Release|Any CPU.ActiveCfg = Release|Any CPU
		{BE480F22-F283-40A5-A1E6-BCD263267056}.Release|Any CPU.Build.0 = Release|Any CPU
		{BE480F22-F283-40A5-A1E6-BCD263267056}.Release|Mixed Platforms.ActiveCfg = Release|x86
		{BE480F22-F283-40A5-A1E6-BCD263267056}.Release|Mixed Platforms.Build.0 = Release|x86
		{BE480F22-F283-40A5-A1E6-BCD263267056}.Release|x64.ActiveCfg = Release|x64
		{BE480F22-F283-40A5-A1E6-BCD263267056}.Release|x64.Build.0 = Release|x64
		{BE480F22-F283-40A5-A1E6-BCD263267056}.Release|x86.ActiveCfg = Release|x86
		{BE480F22-F283-40A5-A1E6-BCD263267056}.Release|x86.Build.0 = Release|x86
	EndGlobalSection
	GlobalSection(SolutionProperties) = preSolution
		HideSolutionNode = FALSE
	EndGlobalSection
EndGlobal
