
Microsoft Visual Studio Solution File, Format Version 12.00
# Visual Studio 2012
Project("{FAE04EC0-301F-11D3-BF4B-00C04F79EFBC}") = "Cureos.Numerics", "Cureos.Numerics\Cureos.Numerics.csproj", "{42CE61EC-A12B-4929-843D-453CE7A98D7D}"
EndProject
Project("{FAE04EC0-301F-11D3-BF4B-00C04F79EFBC}") = "Tests.Cureos.Numerics", "Tests.Cureos.Numerics\Tests.Cureos.Numerics.csproj", "{41941299-D389-48A2-B8B8-331AC8851477}"
EndProject
Project("{FAE04EC0-301F-11D3-BF4B-00C04F79EFBC}") = "Metro.Cureos.Numerics", "Metro.Cureos.Numerics\Metro.Cureos.Numerics.csproj", "{BE480F22-F283-40A5-A1E6-BCD263267056}"
EndProject
Project("{FAE04EC0-301F-11D3-BF4B-00C04F79EFBC}") = "Metro.Ipopt.x64", "Metro.Ipopt\Metro.Ipopt.x64.csproj", "{361E5068-5985-4F4C-89D1-20FCE8A5161F}"
EndProject
Project("{2150E333-8FDC-42A3-9474-1A3956D46DE8}") = ".nuget", ".nuget", "{2358E96A-0348-45E1-AD37-A974ED710D8F}"
	ProjectSection(SolutionItems) = preProject
		.nuget\NuGet.Config = .nuget\NuGet.Config
		.nuget\NuGet.exe = .nuget\NuGet.exe
		.nuget\NuGet.targets = .nuget\NuGet.targets
	EndProjectSection
EndProject
Project("{FAE04EC0-301F-11D3-BF4B-00C04F79EFBC}") = "Metro.Ipopt.x86", "Metro.Ipopt\Metro.Ipopt.x86.csproj", "{C528143E-AA73-4E7E-BA66-2A1DD1D3542B}"
EndProject
Global
	GlobalSection(SolutionConfigurationPlatforms) = preSolution
		Debug|Any CPU = Debug|Any CPU
		Debug|x64 = Debug|x64
		Debug|x86 = Debug|x86
		Release|Any CPU = Release|Any CPU
		Release|x64 = Release|x64
		Release|x86 = Release|x86
	EndGlobalSection
	GlobalSection(ProjectConfigurationPlatforms) = postSolution
		{42CE61EC-A12B-4929-843D-453CE7A98D7D}.Debug|Any CPU.ActiveCfg = Debug|Any CPU
		{42CE61EC-A12B-4929-843D-453CE7A98D7D}.Debug|Any CPU.Build.0 = Debug|Any CPU
		{42CE61EC-A12B-4929-843D-453CE7A98D7D}.Debug|x64.ActiveCfg = Debug|Any CPU
		{42CE61EC-A12B-4929-843D-453CE7A98D7D}.Debug|x64.Build.0 = Debug|Any CPU
		{42CE61EC-A12B-4929-843D-453CE7A98D7D}.Debug|x86.ActiveCfg = Debug|Any CPU
		{42CE61EC-A12B-4929-843D-453CE7A98D7D}.Debug|x86.Build.0 = Debug|Any CPU
		{42CE61EC-A12B-4929-843D-453CE7A98D7D}.Release|Any CPU.ActiveCfg = Release|Any CPU
		{42CE61EC-A12B-4929-843D-453CE7A98D7D}.Release|Any CPU.Build.0 = Release|Any CPU
		{42CE61EC-A12B-4929-843D-453CE7A98D7D}.Release|x64.ActiveCfg = Release|Any CPU
		{42CE61EC-A12B-4929-843D-453CE7A98D7D}.Release|x64.Build.0 = Release|Any CPU
		{42CE61EC-A12B-4929-843D-453CE7A98D7D}.Release|x86.ActiveCfg = Release|Any CPU
		{42CE61EC-A12B-4929-843D-453CE7A98D7D}.Release|x86.Build.0 = Release|Any CPU
		{41941299-D389-48A2-B8B8-331AC8851477}.Debug|Any CPU.ActiveCfg = Debug|x64
		{41941299-D389-48A2-B8B8-331AC8851477}.Debug|Any CPU.Build.0 = Debug|x64
		{41941299-D389-48A2-B8B8-331AC8851477}.Debug|x64.ActiveCfg = Debug|x64
		{41941299-D389-48A2-B8B8-331AC8851477}.Debug|x64.Build.0 = Debug|x64
		{41941299-D389-48A2-B8B8-331AC8851477}.Debug|x86.ActiveCfg = Debug|x86
		{41941299-D389-48A2-B8B8-331AC8851477}.Debug|x86.Build.0 = Debug|x86
		{41941299-D389-48A2-B8B8-331AC8851477}.Release|Any CPU.ActiveCfg = Release|x64
		{41941299-D389-48A2-B8B8-331AC8851477}.Release|Any CPU.Build.0 = Release|x64
		{41941299-D389-48A2-B8B8-331AC8851477}.Release|x64.ActiveCfg = Release|x64
		{41941299-D389-48A2-B8B8-331AC8851477}.Release|x64.Build.0 = Release|x64
		{41941299-D389-48A2-B8B8-331AC8851477}.Release|x86.ActiveCfg = Release|x86
		{41941299-D389-48A2-B8B8-331AC8851477}.Release|x86.Build.0 = Release|x86
		{BE480F22-F283-40A5-A1E6-BCD263267056}.Debug|Any CPU.ActiveCfg = Debug|Any CPU
		{BE480F22-F283-40A5-A1E6-BCD263267056}.Debug|Any CPU.Build.0 = Debug|Any CPU
		{BE480F22-F283-40A5-A1E6-BCD263267056}.Debug|x64.ActiveCfg = Debug|Any CPU
		{BE480F22-F283-40A5-A1E6-BCD263267056}.Debug|x64.Build.0 = Debug|Any CPU
		{BE480F22-F283-40A5-A1E6-BCD263267056}.Debug|x86.ActiveCfg = Debug|Any CPU
		{BE480F22-F283-40A5-A1E6-BCD263267056}.Debug|x86.Build.0 = Debug|Any CPU
		{BE480F22-F283-40A5-A1E6-BCD263267056}.Release|Any CPU.ActiveCfg = Release|Any CPU
		{BE480F22-F283-40A5-A1E6-BCD263267056}.Release|Any CPU.Build.0 = Release|Any CPU
		{BE480F22-F283-40A5-A1E6-BCD263267056}.Release|x64.ActiveCfg = Release|Any CPU
		{BE480F22-F283-40A5-A1E6-BCD263267056}.Release|x64.Build.0 = Release|Any CPU
		{BE480F22-F283-40A5-A1E6-BCD263267056}.Release|x86.ActiveCfg = Release|Any CPU
		{BE480F22-F283-40A5-A1E6-BCD263267056}.Release|x86.Build.0 = Release|Any CPU
		{361E5068-5985-4F4C-89D1-20FCE8A5161F}.Debug|Any CPU.ActiveCfg = Debug|x64
		{361E5068-5985-4F4C-89D1-20FCE8A5161F}.Debug|Any CPU.Build.0 = Debug|x64
		{361E5068-5985-4F4C-89D1-20FCE8A5161F}.Debug|Any CPU.Deploy.0 = Debug|x64
		{361E5068-5985-4F4C-89D1-20FCE8A5161F}.Debug|x64.ActiveCfg = Debug|x64
		{361E5068-5985-4F4C-89D1-20FCE8A5161F}.Debug|x64.Build.0 = Debug|x64
		{361E5068-5985-4F4C-89D1-20FCE8A5161F}.Debug|x64.Deploy.0 = Debug|x64
		{361E5068-5985-4F4C-89D1-20FCE8A5161F}.Debug|x86.ActiveCfg = Debug|x64
		{361E5068-5985-4F4C-89D1-20FCE8A5161F}.Release|Any CPU.ActiveCfg = Release|x64
		{361E5068-5985-4F4C-89D1-20FCE8A5161F}.Release|Any CPU.Build.0 = Release|x64
		{361E5068-5985-4F4C-89D1-20FCE8A5161F}.Release|Any CPU.Deploy.0 = Release|x64
		{361E5068-5985-4F4C-89D1-20FCE8A5161F}.Release|x64.ActiveCfg = Release|x64
		{361E5068-5985-4F4C-89D1-20FCE8A5161F}.Release|x64.Build.0 = Release|x64
		{361E5068-5985-4F4C-89D1-20FCE8A5161F}.Release|x64.Deploy.0 = Release|x64
		{361E5068-5985-4F4C-89D1-20FCE8A5161F}.Release|x86.ActiveCfg = Release|x64
		{C528143E-AA73-4E7E-BA66-2A1DD1D3542B}.Debug|Any CPU.ActiveCfg = Debug|x86
		{C528143E-AA73-4E7E-BA66-2A1DD1D3542B}.Debug|Any CPU.Build.0 = Debug|x86
		{C528143E-AA73-4E7E-BA66-2A1DD1D3542B}.Debug|Any CPU.Deploy.0 = Debug|x86
		{C528143E-AA73-4E7E-BA66-2A1DD1D3542B}.Debug|x64.ActiveCfg = Debug|x86
		{C528143E-AA73-4E7E-BA66-2A1DD1D3542B}.Debug|x86.ActiveCfg = Debug|x86
		{C528143E-AA73-4E7E-BA66-2A1DD1D3542B}.Debug|x86.Build.0 = Debug|x86
		{C528143E-AA73-4E7E-BA66-2A1DD1D3542B}.Debug|x86.Deploy.0 = Debug|x86
		{C528143E-AA73-4E7E-BA66-2A1DD1D3542B}.Release|Any CPU.ActiveCfg = Release|x86
		{C528143E-AA73-4E7E-BA66-2A1DD1D3542B}.Release|x64.ActiveCfg = Release|x86
		{C528143E-AA73-4E7E-BA66-2A1DD1D3542B}.Release|x86.ActiveCfg = Release|x86
		{C528143E-AA73-4E7E-BA66-2A1DD1D3542B}.Release|x86.Build.0 = Release|x86
		{C528143E-AA73-4E7E-BA66-2A1DD1D3542B}.Release|x86.Deploy.0 = Release|x86
	EndGlobalSection
	GlobalSection(SolutionProperties) = preSolution
		HideSolutionNode = FALSE
	EndGlobalSection
EndGlobal
